dependencies:
- name: common
  repository: https://damacus.github.io/charts
  version: 5.0.1
- name: postgresql
  repository: https://charts.bitnami.com/bitnami
  version: 16.7.20
- name: mariadb
  repository: https://charts.bitnami.com/bitnami
  version: 15.2.2
- name: influxdb
  repository: https://charts.bitnami.com/bitnami
  version: 6.0.9
digest: sha256:334ab8fbc93e97f37a5ada9a823b02266e09d05b032b451a0ae4603c117244bf
generated: "2025-07-18T11:36:57.45304182Z"
