dependencies:
- name: common
  repository: https://damacus.github.io/charts
  version: 5.0.1
- name: postgresql
  repository: https://charts.bitnami.com/bitnami
  version: 16.7.26
- name: mariadb
  repository: https://charts.bitnami.com/bitnami
  version: 15.2.2
- name: influxdb
  repository: https://charts.bitnami.com/bitnami
  version: 6.0.9
digest: sha256:02bebbbc546d8237fad043ddb3171a1718600a3c0c554d369282a3c6ada1b04d
generated: "2025-08-14T22:06:04.327412876Z"
