dependencies:
- name: common
  repository: https://damacus.github.io/charts
  version: 5.0.1
- name: postgresql
  repository: https://charts.bitnami.com/bitnami
  version: 13.4.4
- name: mariadb
  repository: https://charts.bitnami.com/bitnami
  version: 15.2.2
- name: influxdb
  repository: https://charts.bitnami.com/bitnami
  version: 6.4.2
digest: sha256:bf8e94a9c8d444c14556fea08dd07269b79e657fb31dd15b799eefb036a8564b
generated: "2024-12-04T07:09:01.728000191Z"
